
Microsoft Visual Studio Solution File, Format Version 12.00
# Visual Studio Version 17
VisualStudioVersion = 17.5.33627.172
MinimumVisualStudioVersion = 10.0.40219.1
Project("{8BC9CEB8-8B4A-11D0-8D11-00A0C91BC942}") = "Loops_1", "Loops\Loops.vcxproj", "{63AA89C2-1C23-4CAB-B5B7-751C8940E627}"
EndProject
Project("{8BC9CEB8-8B4A-11D0-8D11-00A0C91BC942}") = "Loops_2", "Loops_2\Loops_2.vcxproj", "{2012417B-257A-4E4D-BF63-8BE45547DE80}"
EndProject
Global
	GlobalSection(SolutionConfigurationPlatforms) = preSolution
		Debug|x64 = Debug|x64
		Debug|x86 = Debug|x86
		Release|x64 = Release|x64
		Release|x86 = Release|x86
	EndGlobalSection
	GlobalSection(ProjectConfigurationPlatforms) = postSolution
		{63AA89C2-1C23-4CAB-B5B7-751C8940E627}.Debug|x64.ActiveCfg = Debug|x64
		{63AA89C2-1C23-4CAB-B5B7-751C8940E627}.Debug|x64.Build.0 = Debug|x64
		{63AA89C2-1C23-4CAB-B5B7-751C8940E627}.Debug|x86.ActiveCfg = Debug|Win32
		{63AA89C2-1C23-4CAB-B5B7-751C8940E627}.Debug|x86.Build.0 = Debug|Win32
		{63AA89C2-1C23-4CAB-B5B7-751C8940E627}.Release|x64.ActiveCfg = Release|x64
		{63AA89C2-1C23-4CAB-B5B7-751C8940E627}.Release|x64.Build.0 = Release|x64
		{63AA89C2-1C23-4CAB-B5B7-751C8940E627}.Release|x86.ActiveCfg = Release|Win32
		{63AA89C2-1C23-4CAB-B5B7-751C8940E627}.Release|x86.Build.0 = Release|Win32
		{2012417B-257A-4E4D-BF63-8BE45547DE80}.Debug|x64.ActiveCfg = Debug|x64
		{2012417B-257A-4E4D-BF63-8BE45547DE80}.Debug|x64.Build.0 = Debug|x64
		{2012417B-257A-4E4D-BF63-8BE45547DE80}.Debug|x86.ActiveCfg = Debug|Win32
		{2012417B-257A-4E4D-BF63-8BE45547DE80}.Debug|x86.Build.0 = Debug|Win32
		{2012417B-257A-4E4D-BF63-8BE45547DE80}.Release|x64.ActiveCfg = Release|x64
		{2012417B-257A-4E4D-BF63-8BE45547DE80}.Release|x64.Build.0 = Release|x64
		{2012417B-257A-4E4D-BF63-8BE45547DE80}.Release|x86.ActiveCfg = Release|Win32
		{2012417B-257A-4E4D-BF63-8BE45547DE80}.Release|x86.Build.0 = Release|Win32
	EndGlobalSection
	GlobalSection(SolutionProperties) = preSolution
		HideSolutionNode = FALSE
	EndGlobalSection
	GlobalSection(ExtensibilityGlobals) = postSolution
		SolutionGuid = {655BFB8A-2B8F-4485-B33B-2B0333FD524A}
	EndGlobalSection
EndGlobal
